{
  "name": "test-install",
  "version": "1.0.0",
  "lockfileVersion": 2,
  "requires": true,
  "packages": {
    "": {
      "name": "test-install",
      "version": "1.0.0",
      "license": "ISC",
      "dependencies": {
        "wldzs-cli-template": "^0.1.1"
      }
    },
    "node_modules/wldzs-cli-template": {
      "version": "0.1.1",
      "resolved": "https://registry.npmjs.org/wldzs-cli-template/-/wldzs-cli-template-0.1.1.tgz",
      "integrity": "sha512-TJ5a24FrA0Fcx0gBGPWHoTyg3pr0h4vrnwJ/mJ2NzZqGRolT/nc+c20pO0sDVWCtuStGH6zKo+lfBcu9bxWDmw=="
    }
  },
  "dependencies": {
    "wldzs-cli-template": {
      "version": "0.1.1",
      "resolved": "https://registry.npmjs.org/wldzs-cli-template/-/wldzs-cli-template-0.1.1.tgz",
      "integrity": "sha512-TJ5a24FrA0Fcx0gBGPWHoTyg3pr0h4vrnwJ/mJ2NzZqGRolT/nc+c20pO0sDVWCtuStGH6zKo+lfBcu9bxWDmw=="
    }
  }
}
